
Microsoft Visual Studio Solution File, Format Version 12.00
# Visual Studio 15
VisualStudioVersion = 15.0.28307.852
MinimumVisualStudioVersion = 10.0.40219.1
Project("{8BC9CEB8-8B4A-11D0-8D11-00A0C91BC942}") = "MainLogicImplement", "MainLogicImplement\MainLogicImplement.vcxproj", "{ACE909B0-A56F-47E7-B571-9C63E70C43FA}"
EndProject
Project("{8BC9CEB8-8B4A-11D0-8D11-00A0C91BC942}") = "DRamSim2", "DRamSim2\DRamSim2.vcxproj", "{702F75FC-3345-4214-BE92-71612EDD591C}"
EndProject
Project("{8BC9CEB8-8B4A-11D0-8D11-00A0C91BC942}") = "MainLogicTest", "MainLogicTest\MainLogicTest.vcxproj", "{B9656CE6-9174-4C40-A001-1FB0AED1E34F}"
EndProject
Project("{8BC9CEB8-8B4A-11D0-8D11-00A0C91BC942}") = "DRamSim2Test", "DRamSim2Test\DRamSim2Test.vcxproj", "{CFE8DF49-DDDF-4867-8161-9C10AB343428}"
EndProject
Global
	GlobalSection(SolutionConfigurationPlatforms) = preSolution
		Debug|x64 = Debug|x64
		Debug|x86 = Debug|x86
		Release|x64 = Release|x64
		Release|x86 = Release|x86
	EndGlobalSection
	GlobalSection(ProjectConfigurationPlatforms) = postSolution
		{ACE909B0-A56F-47E7-B571-9C63E70C43FA}.Debug|x64.ActiveCfg = Debug|x64
		{ACE909B0-A56F-47E7-B571-9C63E70C43FA}.Debug|x64.Build.0 = Debug|x64
		{ACE909B0-A56F-47E7-B571-9C63E70C43FA}.Debug|x86.ActiveCfg = Debug|Win32
		{ACE909B0-A56F-47E7-B571-9C63E70C43FA}.Debug|x86.Build.0 = Debug|Win32
		{ACE909B0-A56F-47E7-B571-9C63E70C43FA}.Release|x64.ActiveCfg = Release|x64
		{ACE909B0-A56F-47E7-B571-9C63E70C43FA}.Release|x64.Build.0 = Release|x64
		{ACE909B0-A56F-47E7-B571-9C63E70C43FA}.Release|x86.ActiveCfg = Release|Win32
		{ACE909B0-A56F-47E7-B571-9C63E70C43FA}.Release|x86.Build.0 = Release|Win32
		{702F75FC-3345-4214-BE92-71612EDD591C}.Debug|x64.ActiveCfg = Debug|x64
		{702F75FC-3345-4214-BE92-71612EDD591C}.Debug|x64.Build.0 = Debug|x64
		{702F75FC-3345-4214-BE92-71612EDD591C}.Debug|x86.ActiveCfg = Debug|Win32
		{702F75FC-3345-4214-BE92-71612EDD591C}.Debug|x86.Build.0 = Debug|Win32
		{702F75FC-3345-4214-BE92-71612EDD591C}.Release|x64.ActiveCfg = Release|x64
		{702F75FC-3345-4214-BE92-71612EDD591C}.Release|x64.Build.0 = Release|x64
		{702F75FC-3345-4214-BE92-71612EDD591C}.Release|x86.ActiveCfg = Release|Win32
		{702F75FC-3345-4214-BE92-71612EDD591C}.Release|x86.Build.0 = Release|Win32
		{B9656CE6-9174-4C40-A001-1FB0AED1E34F}.Debug|x64.ActiveCfg = Debug|x64
		{B9656CE6-9174-4C40-A001-1FB0AED1E34F}.Debug|x64.Build.0 = Debug|x64
		{B9656CE6-9174-4C40-A001-1FB0AED1E34F}.Debug|x86.ActiveCfg = Debug|Win32
		{B9656CE6-9174-4C40-A001-1FB0AED1E34F}.Debug|x86.Build.0 = Debug|Win32
		{B9656CE6-9174-4C40-A001-1FB0AED1E34F}.Release|x64.ActiveCfg = Release|x64
		{B9656CE6-9174-4C40-A001-1FB0AED1E34F}.Release|x64.Build.0 = Release|x64
		{B9656CE6-9174-4C40-A001-1FB0AED1E34F}.Release|x86.ActiveCfg = Release|Win32
		{B9656CE6-9174-4C40-A001-1FB0AED1E34F}.Release|x86.Build.0 = Release|Win32
		{CFE8DF49-DDDF-4867-8161-9C10AB343428}.Debug|x64.ActiveCfg = Debug|x64
		{CFE8DF49-DDDF-4867-8161-9C10AB343428}.Debug|x64.Build.0 = Debug|x64
		{CFE8DF49-DDDF-4867-8161-9C10AB343428}.Debug|x86.ActiveCfg = Debug|Win32
		{CFE8DF49-DDDF-4867-8161-9C10AB343428}.Debug|x86.Build.0 = Debug|Win32
		{CFE8DF49-DDDF-4867-8161-9C10AB343428}.Release|x64.ActiveCfg = Release|x64
		{CFE8DF49-DDDF-4867-8161-9C10AB343428}.Release|x64.Build.0 = Release|x64
		{CFE8DF49-DDDF-4867-8161-9C10AB343428}.Release|x86.ActiveCfg = Release|Win32
		{CFE8DF49-DDDF-4867-8161-9C10AB343428}.Release|x86.Build.0 = Release|Win32
	EndGlobalSection
	GlobalSection(SolutionProperties) = preSolution
		HideSolutionNode = FALSE
	EndGlobalSection
	GlobalSection(ExtensibilityGlobals) = postSolution
		SolutionGuid = {B2279C66-18C9-44DE-82D5-AA6A340A8B51}
	EndGlobalSection
EndGlobal
