<?xml version="1.0" encoding="utf-8"?>
<Project ToolsVersion="4.0" xmlns="http://schemas.microsoft.com/developer/msbuild/2003">
  <ItemGroup>
    <ClInclude Include="src\Util\Util.hpp">
      <Filter>Util</Filter>
    </ClInclude>
    <ClInclude Include="src\Components\Port.hpp">
      <Filter>Components</Filter>
    </ClInclude>
    <ClInclude Include="src\Util\Exception.hpp">
      <Filter>Util</Filter>
    </ClInclude>
    <ClInclude Include="src\Components\MemUnit.hpp">
      <Filter>Components</Filter>
    </ClInclude>
    <ClInclude Include="src\Components\LogicUnit.hpp">
      <Filter>Components</Filter>
    </ClInclude>
    <ClInclude Include="src\Components\CompoentInterface.hpp">
      <Filter>Components</Filter>
    </ClInclude>
    <ClInclude Include="src\Define\Define.hpp">
      <Filter>Define</Filter>
    </ClInclude>
    <ClInclude Include="src\Components\Module.hpp">
      <Filter>Components</Filter>
    </ClInclude>
    <ClInclude Include="src\Components\DataCell.hpp">
      <Filter>Components</Filter>
    </ClInclude>
    <ClInclude Include="src\Components\Data.hpp">
      <Filter>Components</Filter>
    </ClInclude>
    <ClInclude Include="src\Components\Database.hpp">
      <Filter>Components</Filter>
    </ClInclude>
    <ClInclude Include="src\Util\Any.hpp">
      <Filter>Util</Filter>
    </ClInclude>
    <ClInclude Include="src\Util\FunctionTraits.hpp">
      <Filter>Util</Filter>
    </ClInclude>
    <ClInclude Include="src\Util\MessageBus.hpp">
      <Filter>Util</Filter>
    </ClInclude>
  </ItemGroup>
  <ItemGroup>
    <ClCompile Include="main.cpp" />
  </ItemGroup>
  <ItemGroup>
    <Filter Include="Core">
      <UniqueIdentifier>{818bda21-9b38-44bb-98cc-300a713246d4}</UniqueIdentifier>
    </Filter>
    <Filter Include="Components">
      <UniqueIdentifier>{a2b55b6b-e303-4a25-9c27-c5df98db7a5f}</UniqueIdentifier>
    </Filter>
    <Filter Include="Util">
      <UniqueIdentifier>{3965b2bf-73f3-4aca-802e-dabd279f0aa3}</UniqueIdentifier>
    </Filter>
    <Filter Include="Scripts">
      <UniqueIdentifier>{712a38f5-3415-4163-88aa-caac5217d7a8}</UniqueIdentifier>
    </Filter>
    <Filter Include="Define">
      <UniqueIdentifier>{06ad570f-af04-4b09-b9ef-a2b0a5e98251}</UniqueIdentifier>
    </Filter>
    <Filter Include="Config">
      <UniqueIdentifier>{c98b8a0b-f257-4025-a8c0-981ba0d7feae}</UniqueIdentifier>
    </Filter>
  </ItemGroup>
  <ItemGroup>
    <Xml Include="src\Components\Config.xml">
      <Filter>Config</Filter>
    </Xml>
  </ItemGroup>
</Project>